
Microsoft Visual Studio Solution File, Format Version 11.00
# Visual Studio 2010
Project("{8BC9CEB8-8B4A-11D0-8D11-00A0C91BC942}") = "PersistentCODECSettings", "PersistentCODECSettings\PersistentCODECSettings.vcxproj", "{3ADD9407-6FC7-4D13-9063-DE7E3F017D2E}"
EndProject
Global
	GlobalSection(SolutionConfigurationPlatforms) = preSolution
		Debug|Win32 = Debug|Win32
		Release|Win32 = Release|Win32
	EndGlobalSection
	GlobalSection(ProjectConfigurationPlatforms) = postSolution
		{3ADD9407-6FC7-4D13-9063-DE7E3F017D2E}.Debug|Win32.ActiveCfg = Debug|Win32
		{3ADD9407-6FC7-4D13-9063-DE7E3F017D2E}.Debug|Win32.Build.0 = Debug|Win32
		{3ADD9407-6FC7-4D13-9063-DE7E3F017D2E}.Release|Win32.ActiveCfg = Release|Win32
		{3ADD9407-6FC7-4D13-9063-DE7E3F017D2E}.Release|Win32.Build.0 = Release|Win32
	EndGlobalSection
	GlobalSection(SolutionProperties) = preSolution
		HideSolutionNode = FALSE
	EndGlobalSection
EndGlobal
